
Microsoft Visual Studio Solution File, Format Version 12.00
# Visual Studio 15
VisualStudioVersion = 15.0.28307.1831
MinimumVisualStudioVersion = 10.0.40219.1
Project("{8BC9CEB8-8B4A-11D0-8D11-00A0C91BC942}") = "ex1", "ex1\ex1.vcxproj", "{41494793-561B-425C-8182-2C9205787CDE}"
EndProject
Project("{8BC9CEB8-8B4A-11D0-8D11-00A0C91BC942}") = "Project1", "..\test\Project1\Project1.vcxproj", "{9C4DDFA6-9821-46E9-8B22-408F609B6F67}"
EndProject
Global
	GlobalSection(SolutionConfigurationPlatforms) = preSolution
		Debug|x64 = Debug|x64
		Debug|x86 = Debug|x86
		Release|x64 = Release|x64
		Release|x86 = Release|x86
	EndGlobalSection
	GlobalSection(ProjectConfigurationPlatforms) = postSolution
		{41494793-561B-425C-8182-2C9205787CDE}.Debug|x64.ActiveCfg = Debug|x64
		{41494793-561B-425C-8182-2C9205787CDE}.Debug|x64.Build.0 = Debug|x64
		{41494793-561B-425C-8182-2C9205787CDE}.Debug|x86.ActiveCfg = Debug|x64
		{41494793-561B-425C-8182-2C9205787CDE}.Debug|x86.Build.0 = Debug|x64
		{41494793-561B-425C-8182-2C9205787CDE}.Release|x64.ActiveCfg = Release|x64
		{41494793-561B-425C-8182-2C9205787CDE}.Release|x64.Build.0 = Release|x64
		{41494793-561B-425C-8182-2C9205787CDE}.Release|x86.ActiveCfg = Release|Win32
		{41494793-561B-425C-8182-2C9205787CDE}.Release|x86.Build.0 = Release|Win32
		{9C4DDFA6-9821-46E9-8B22-408F609B6F67}.Debug|x64.ActiveCfg = Debug|x64
		{9C4DDFA6-9821-46E9-8B22-408F609B6F67}.Debug|x64.Build.0 = Debug|x64
		{9C4DDFA6-9821-46E9-8B22-408F609B6F67}.Debug|x86.ActiveCfg = Debug|Win32
		{9C4DDFA6-9821-46E9-8B22-408F609B6F67}.Debug|x86.Build.0 = Debug|Win32
		{9C4DDFA6-9821-46E9-8B22-408F609B6F67}.Release|x64.ActiveCfg = Release|x64
		{9C4DDFA6-9821-46E9-8B22-408F609B6F67}.Release|x64.Build.0 = Release|x64
		{9C4DDFA6-9821-46E9-8B22-408F609B6F67}.Release|x86.ActiveCfg = Release|Win32
		{9C4DDFA6-9821-46E9-8B22-408F609B6F67}.Release|x86.Build.0 = Release|Win32
	EndGlobalSection
	GlobalSection(SolutionProperties) = preSolution
		HideSolutionNode = FALSE
	EndGlobalSection
	GlobalSection(ExtensibilityGlobals) = postSolution
		SolutionGuid = {5A9C1E39-0A65-4981-84AF-50FA3F227EEB}
	EndGlobalSection
EndGlobal
