
Microsoft Visual Studio Solution File, Format Version 12.00
# Visual Studio 15
VisualStudioVersion = 15.0.28307.1831
MinimumVisualStudioVersion = 10.0.40219.1
Project("{8BC9CEB8-8B4A-11D0-8D11-00A0C91BC942}") = "ex2", "ex2\ex2.vcxproj", "{D9AD8374-AF92-4297-B1F0-548F3E72170A}"
EndProject
Global
	GlobalSection(SolutionConfigurationPlatforms) = preSolution
		Debug|x64 = Debug|x64
		Debug|x86 = Debug|x86
		Release|x64 = Release|x64
		Release|x86 = Release|x86
	EndGlobalSection
	GlobalSection(ProjectConfigurationPlatforms) = postSolution
		{D9AD8374-AF92-4297-B1F0-548F3E72170A}.Debug|x64.ActiveCfg = Debug|x64
		{D9AD8374-AF92-4297-B1F0-548F3E72170A}.Debug|x64.Build.0 = Debug|x64
		{D9AD8374-AF92-4297-B1F0-548F3E72170A}.Debug|x86.ActiveCfg = Debug|Win32
		{D9AD8374-AF92-4297-B1F0-548F3E72170A}.Debug|x86.Build.0 = Debug|Win32
		{D9AD8374-AF92-4297-B1F0-548F3E72170A}.Release|x64.ActiveCfg = Release|x64
		{D9AD8374-AF92-4297-B1F0-548F3E72170A}.Release|x64.Build.0 = Release|x64
		{D9AD8374-AF92-4297-B1F0-548F3E72170A}.Release|x86.ActiveCfg = Release|Win32
		{D9AD8374-AF92-4297-B1F0-548F3E72170A}.Release|x86.Build.0 = Release|Win32
	EndGlobalSection
	GlobalSection(SolutionProperties) = preSolution
		HideSolutionNode = FALSE
	EndGlobalSection
	GlobalSection(ExtensibilityGlobals) = postSolution
		SolutionGuid = {32DA8F39-C4B7-433D-BA25-17FFF35F01AC}
	EndGlobalSection
EndGlobal
